
Microsoft Visual Studio Solution File, Format Version 12.00
# Visual Studio Version 16
VisualStudioVersion = 16.0.33801.447
MinimumVisualStudioVersion = 10.0.40219.1
Project("{FAE04EC0-301F-11D3-BF4B-00C04F79EFBC}") = "JPetStore_testcases", "JPetStore_testcases\JPetStore_testcases.csproj", "{573A915A-6F5B-43B6-9EF4-7F4C87693A1E}"
EndProject
Global
	GlobalSection(SolutionConfigurationPlatforms) = preSolution
		Debug|Any CPU = Debug|Any CPU
		Release|Any CPU = Release|Any CPU
	EndGlobalSection
	GlobalSection(ProjectConfigurationPlatforms) = postSolution
		{573A915A-6F5B-43B6-9EF4-7F4C87693A1E}.Debug|Any CPU.ActiveCfg = Debug|Any CPU
		{573A915A-6F5B-43B6-9EF4-7F4C87693A1E}.Debug|Any CPU.Build.0 = Debug|Any CPU
		{573A915A-6F5B-43B6-9EF4-7F4C87693A1E}.Release|Any CPU.ActiveCfg = Release|Any CPU
		{573A915A-6F5B-43B6-9EF4-7F4C87693A1E}.Release|Any CPU.Build.0 = Release|Any CPU
	EndGlobalSection
	GlobalSection(SolutionProperties) = preSolution
		HideSolutionNode = FALSE
	EndGlobalSection
	GlobalSection(ExtensibilityGlobals) = postSolution
		SolutionGuid = {B15B3709-EC49-4D1E-957C-CF2E5B7ED93F}
	EndGlobalSection
EndGlobal
